
Microsoft Visual Studio Solution File, Format Version 12.00
# Visual Studio Version 16
VisualStudioVersion = 16.0.31410.357
MinimumVisualStudioVersion = 10.0.40219.1
Project("{2150E333-8FDC-42A3-9474-1A3956D46DE8}") = "Services", "Services", "{979EBF8A-D30E-4D38-BBC3-96F6F954420F}"
EndProject
Project("{2150E333-8FDC-42A3-9474-1A3956D46DE8}") = "Application", "Application", "{93BB2F22-A816-4EA3-A648-C2808F683761}"
EndProject
Project("{2150E333-8FDC-42A3-9474-1A3956D46DE8}") = "Domain", "Domain", "{253A6F53-B529-410C-A4BE-3922DA8DF9BF}"
EndProject
Project("{2150E333-8FDC-42A3-9474-1A3956D46DE8}") = "Infra", "Infra", "{B092553F-F260-4AF9-BD6F-B616135C199B}"
EndProject
Project("{FAE04EC0-301F-11D3-BF4B-00C04F79EFBC}") = "GerenciamentoSalao.API", "GerenciamentoSalao.API\GerenciamentoSalao.API.csproj", "{0311AD06-5D80-4485-B944-70D734A6CA94}"
EndProject
Project("{FAE04EC0-301F-11D3-BF4B-00C04F79EFBC}") = "GerenciamentoSalao.Application", "GerenciamentoSalao.Application\GerenciamentoSalao.Application.csproj", "{2F838D75-F423-4EAC-BC06-0FE357325ECE}"
EndProject
Project("{FAE04EC0-301F-11D3-BF4B-00C04F79EFBC}") = "GerenciamentoSalao.Domain", "GerenciamentoSalao.Domain\GerenciamentoSalao.Domain.csproj", "{429ACBFB-1FF4-4687-904D-EEAC7119E0E8}"
EndProject
Project("{FAE04EC0-301F-11D3-BF4B-00C04F79EFBC}") = "GerenciamentoSalao.Domain.Core", "GerenciamentoSalao.Domain.Core\GerenciamentoSalao.Domain.Core.csproj", "{8CA6A955-B406-4215-98E7-6337E3CE27D4}"
EndProject
Project("{FAE04EC0-301F-11D3-BF4B-00C04F79EFBC}") = "GerenciamentoSalao.Domain.Services", "GerenciamentoSalao.Domain.Services\GerenciamentoSalao.Domain.Services.csproj", "{1B7EFC70-C6C7-4617-B282-6C4A094EC183}"
EndProject
Project("{FAE04EC0-301F-11D3-BF4B-00C04F79EFBC}") = "GerenciamentoSalao.Infra", "GerenciamentoSalao.Infra\GerenciamentoSalao.Infra.csproj", "{EE7AD8E3-39DA-4566-840D-0C6E97E83F95}"
EndProject
Global
	GlobalSection(SolutionConfigurationPlatforms) = preSolution
		Debug|Any CPU = Debug|Any CPU
		Release|Any CPU = Release|Any CPU
	EndGlobalSection
	GlobalSection(ProjectConfigurationPlatforms) = postSolution
		{0311AD06-5D80-4485-B944-70D734A6CA94}.Debug|Any CPU.ActiveCfg = Debug|Any CPU
		{0311AD06-5D80-4485-B944-70D734A6CA94}.Debug|Any CPU.Build.0 = Debug|Any CPU
		{0311AD06-5D80-4485-B944-70D734A6CA94}.Release|Any CPU.ActiveCfg = Release|Any CPU
		{0311AD06-5D80-4485-B944-70D734A6CA94}.Release|Any CPU.Build.0 = Release|Any CPU
		{2F838D75-F423-4EAC-BC06-0FE357325ECE}.Debug|Any CPU.ActiveCfg = Debug|Any CPU
		{2F838D75-F423-4EAC-BC06-0FE357325ECE}.Debug|Any CPU.Build.0 = Debug|Any CPU
		{2F838D75-F423-4EAC-BC06-0FE357325ECE}.Release|Any CPU.ActiveCfg = Release|Any CPU
		{2F838D75-F423-4EAC-BC06-0FE357325ECE}.Release|Any CPU.Build.0 = Release|Any CPU
		{429ACBFB-1FF4-4687-904D-EEAC7119E0E8}.Debug|Any CPU.ActiveCfg = Debug|Any CPU
		{429ACBFB-1FF4-4687-904D-EEAC7119E0E8}.Debug|Any CPU.Build.0 = Debug|Any CPU
		{429ACBFB-1FF4-4687-904D-EEAC7119E0E8}.Release|Any CPU.ActiveCfg = Release|Any CPU
		{429ACBFB-1FF4-4687-904D-EEAC7119E0E8}.Release|Any CPU.Build.0 = Release|Any CPU
		{8CA6A955-B406-4215-98E7-6337E3CE27D4}.Debug|Any CPU.ActiveCfg = Debug|Any CPU
		{8CA6A955-B406-4215-98E7-6337E3CE27D4}.Debug|Any CPU.Build.0 = Debug|Any CPU
		{8CA6A955-B406-4215-98E7-6337E3CE27D4}.Release|Any CPU.ActiveCfg = Release|Any CPU
		{8CA6A955-B406-4215-98E7-6337E3CE27D4}.Release|Any CPU.Build.0 = Release|Any CPU
		{1B7EFC70-C6C7-4617-B282-6C4A094EC183}.Debug|Any CPU.ActiveCfg = Debug|Any CPU
		{1B7EFC70-C6C7-4617-B282-6C4A094EC183}.Debug|Any CPU.Build.0 = Debug|Any CPU
		{1B7EFC70-C6C7-4617-B282-6C4A094EC183}.Release|Any CPU.ActiveCfg = Release|Any CPU
		{1B7EFC70-C6C7-4617-B282-6C4A094EC183}.Release|Any CPU.Build.0 = Release|Any CPU
		{EE7AD8E3-39DA-4566-840D-0C6E97E83F95}.Debug|Any CPU.ActiveCfg = Debug|Any CPU
		{EE7AD8E3-39DA-4566-840D-0C6E97E83F95}.Debug|Any CPU.Build.0 = Debug|Any CPU
		{EE7AD8E3-39DA-4566-840D-0C6E97E83F95}.Release|Any CPU.ActiveCfg = Release|Any CPU
		{EE7AD8E3-39DA-4566-840D-0C6E97E83F95}.Release|Any CPU.Build.0 = Release|Any CPU
	EndGlobalSection
	GlobalSection(SolutionProperties) = preSolution
		HideSolutionNode = FALSE
	EndGlobalSection
	GlobalSection(NestedProjects) = preSolution
		{0311AD06-5D80-4485-B944-70D734A6CA94} = {979EBF8A-D30E-4D38-BBC3-96F6F954420F}
		{2F838D75-F423-4EAC-BC06-0FE357325ECE} = {93BB2F22-A816-4EA3-A648-C2808F683761}
		{429ACBFB-1FF4-4687-904D-EEAC7119E0E8} = {253A6F53-B529-410C-A4BE-3922DA8DF9BF}
		{8CA6A955-B406-4215-98E7-6337E3CE27D4} = {253A6F53-B529-410C-A4BE-3922DA8DF9BF}
		{1B7EFC70-C6C7-4617-B282-6C4A094EC183} = {253A6F53-B529-410C-A4BE-3922DA8DF9BF}
		{EE7AD8E3-39DA-4566-840D-0C6E97E83F95} = {B092553F-F260-4AF9-BD6F-B616135C199B}
	EndGlobalSection
	GlobalSection(ExtensibilityGlobals) = postSolution
		SolutionGuid = {6D19E72C-43FF-421C-9C65-FC3AA8056349}
	EndGlobalSection
EndGlobal
